
Microsoft Visual Studio Solution File, Format Version 12.00
# Visual Studio Version 16
VisualStudioVersion = 16.0.32228.343
MinimumVisualStudioVersion = 10.0.40219.1
Project("{9A19103F-16F7-4668-BE54-9A1E7A4F7556}") = "BusinessLogic", "BusinessLogic\BusinessLogic.csproj", "{664310B8-A48F-4AC9-845E-D3533FEE53AD}"
EndProject
Project("{9A19103F-16F7-4668-BE54-9A1E7A4F7556}") = "Contracts", "Contracts\Contracts.csproj", "{398EC363-6EF8-4183-8A4B-ECA97E132FE1}"
EndProject
Project("{9A19103F-16F7-4668-BE54-9A1E7A4F7556}") = "DataBaseImplement", "DataBaseImplement\DataBaseImplement.csproj", "{87F806FF-C58F-48A1-83FF-40A896E74847}"
EndProject
Project("{FAE04EC0-301F-11D3-BF4B-00C04F79EFBC}") = "Views", "Views\Views.csproj", "{CCEC686A-AD04-406B-AF43-2330518EF7BB}"
EndProject
Global
	GlobalSection(SolutionConfigurationPlatforms) = preSolution
		Debug|Any CPU = Debug|Any CPU
		Release|Any CPU = Release|Any CPU
	EndGlobalSection
	GlobalSection(ProjectConfigurationPlatforms) = postSolution
		{664310B8-A48F-4AC9-845E-D3533FEE53AD}.Debug|Any CPU.ActiveCfg = Debug|Any CPU
		{664310B8-A48F-4AC9-845E-D3533FEE53AD}.Debug|Any CPU.Build.0 = Debug|Any CPU
		{664310B8-A48F-4AC9-845E-D3533FEE53AD}.Release|Any CPU.ActiveCfg = Release|Any CPU
		{664310B8-A48F-4AC9-845E-D3533FEE53AD}.Release|Any CPU.Build.0 = Release|Any CPU
		{398EC363-6EF8-4183-8A4B-ECA97E132FE1}.Debug|Any CPU.ActiveCfg = Debug|Any CPU
		{398EC363-6EF8-4183-8A4B-ECA97E132FE1}.Debug|Any CPU.Build.0 = Debug|Any CPU
		{398EC363-6EF8-4183-8A4B-ECA97E132FE1}.Release|Any CPU.ActiveCfg = Release|Any CPU
		{398EC363-6EF8-4183-8A4B-ECA97E132FE1}.Release|Any CPU.Build.0 = Release|Any CPU
		{87F806FF-C58F-48A1-83FF-40A896E74847}.Debug|Any CPU.ActiveCfg = Debug|Any CPU
		{87F806FF-C58F-48A1-83FF-40A896E74847}.Debug|Any CPU.Build.0 = Debug|Any CPU
		{87F806FF-C58F-48A1-83FF-40A896E74847}.Release|Any CPU.ActiveCfg = Release|Any CPU
		{87F806FF-C58F-48A1-83FF-40A896E74847}.Release|Any CPU.Build.0 = Release|Any CPU
		{CCEC686A-AD04-406B-AF43-2330518EF7BB}.Debug|Any CPU.ActiveCfg = Debug|Any CPU
		{CCEC686A-AD04-406B-AF43-2330518EF7BB}.Debug|Any CPU.Build.0 = Debug|Any CPU
		{CCEC686A-AD04-406B-AF43-2330518EF7BB}.Release|Any CPU.ActiveCfg = Release|Any CPU
		{CCEC686A-AD04-406B-AF43-2330518EF7BB}.Release|Any CPU.Build.0 = Release|Any CPU
	EndGlobalSection
	GlobalSection(SolutionProperties) = preSolution
		HideSolutionNode = FALSE
	EndGlobalSection
	GlobalSection(ExtensibilityGlobals) = postSolution
		SolutionGuid = {F10D27F7-69AE-4088-9D6A-17EC4CC5A11D}
	EndGlobalSection
EndGlobal
